
Microsoft Visual Studio Solution File, Format Version 12.00
# Visual Studio Version 16
VisualStudioVersion = 16.0.31624.102
MinimumVisualStudioVersion = 10.0.40219.1
Project("{9A19103F-16F7-4668-BE54-9A1E7A4F7556}") = "Ms1.Api", "Ms1.Api\Ms1.Api.csproj", "{AC05C776-E5AB-406B-9B67-C377AA9EE7D3}"
EndProject
Project("{9A19103F-16F7-4668-BE54-9A1E7A4F7556}") = "Common.Models", "Common.Models\Common.Models.csproj", "{C220A9AD-467C-488F-9918-20219A04C217}"
EndProject
Project("{9A19103F-16F7-4668-BE54-9A1E7A4F7556}") = "Common.WsServer.Api", "Common.WsServer\Common.WsServer.Api.csproj", "{489612B6-1138-432F-A2DF-4779CE556452}"
EndProject
Project("{9A19103F-16F7-4668-BE54-9A1E7A4F7556}") = "Ms2.Service", "Ms2.Service\Ms2.Service.csproj", "{11E244A1-9D72-4DEF-90FA-447CDC01334B}"
EndProject
Project("{9A19103F-16F7-4668-BE54-9A1E7A4F7556}") = "Ms3.Service", "Ms3.Service\Ms3.Service.csproj", "{BB34DA63-39D8-4E9D-B369-F7434B356E20}"
EndProject
Project("{FAE04EC0-301F-11D3-BF4B-00C04F79EFBC}") = "Common.Infrastructure", "Common.Infrastructure\Common.Infrastructure.csproj", "{BCA0B5D3-CEBC-47CC-80CE-4DAB0C8E9A9E}"
EndProject
Global
	GlobalSection(SolutionConfigurationPlatforms) = preSolution
		Debug|Any CPU = Debug|Any CPU
		Release|Any CPU = Release|Any CPU
	EndGlobalSection
	GlobalSection(ProjectConfigurationPlatforms) = postSolution
		{AC05C776-E5AB-406B-9B67-C377AA9EE7D3}.Debug|Any CPU.ActiveCfg = Debug|Any CPU
		{AC05C776-E5AB-406B-9B67-C377AA9EE7D3}.Debug|Any CPU.Build.0 = Debug|Any CPU
		{AC05C776-E5AB-406B-9B67-C377AA9EE7D3}.Release|Any CPU.ActiveCfg = Release|Any CPU
		{AC05C776-E5AB-406B-9B67-C377AA9EE7D3}.Release|Any CPU.Build.0 = Release|Any CPU
		{C220A9AD-467C-488F-9918-20219A04C217}.Debug|Any CPU.ActiveCfg = Debug|Any CPU
		{C220A9AD-467C-488F-9918-20219A04C217}.Debug|Any CPU.Build.0 = Debug|Any CPU
		{C220A9AD-467C-488F-9918-20219A04C217}.Release|Any CPU.ActiveCfg = Release|Any CPU
		{C220A9AD-467C-488F-9918-20219A04C217}.Release|Any CPU.Build.0 = Release|Any CPU
		{489612B6-1138-432F-A2DF-4779CE556452}.Debug|Any CPU.ActiveCfg = Debug|Any CPU
		{489612B6-1138-432F-A2DF-4779CE556452}.Debug|Any CPU.Build.0 = Debug|Any CPU
		{489612B6-1138-432F-A2DF-4779CE556452}.Release|Any CPU.ActiveCfg = Release|Any CPU
		{489612B6-1138-432F-A2DF-4779CE556452}.Release|Any CPU.Build.0 = Release|Any CPU
		{11E244A1-9D72-4DEF-90FA-447CDC01334B}.Debug|Any CPU.ActiveCfg = Debug|Any CPU
		{11E244A1-9D72-4DEF-90FA-447CDC01334B}.Debug|Any CPU.Build.0 = Debug|Any CPU
		{11E244A1-9D72-4DEF-90FA-447CDC01334B}.Release|Any CPU.ActiveCfg = Release|Any CPU
		{11E244A1-9D72-4DEF-90FA-447CDC01334B}.Release|Any CPU.Build.0 = Release|Any CPU
		{BB34DA63-39D8-4E9D-B369-F7434B356E20}.Debug|Any CPU.ActiveCfg = Debug|Any CPU
		{BB34DA63-39D8-4E9D-B369-F7434B356E20}.Debug|Any CPU.Build.0 = Debug|Any CPU
		{BB34DA63-39D8-4E9D-B369-F7434B356E20}.Release|Any CPU.ActiveCfg = Release|Any CPU
		{BB34DA63-39D8-4E9D-B369-F7434B356E20}.Release|Any CPU.Build.0 = Release|Any CPU
		{BCA0B5D3-CEBC-47CC-80CE-4DAB0C8E9A9E}.Debug|Any CPU.ActiveCfg = Debug|Any CPU
		{BCA0B5D3-CEBC-47CC-80CE-4DAB0C8E9A9E}.Debug|Any CPU.Build.0 = Debug|Any CPU
		{BCA0B5D3-CEBC-47CC-80CE-4DAB0C8E9A9E}.Release|Any CPU.ActiveCfg = Release|Any CPU
		{BCA0B5D3-CEBC-47CC-80CE-4DAB0C8E9A9E}.Release|Any CPU.Build.0 = Release|Any CPU
	EndGlobalSection
	GlobalSection(SolutionProperties) = preSolution
		HideSolutionNode = FALSE
	EndGlobalSection
	GlobalSection(ExtensibilityGlobals) = postSolution
		SolutionGuid = {DC3297C0-B52F-4D1C-8ADA-FB12CFCFE182}
	EndGlobalSection
EndGlobal
